
Microsoft Visual Studio Solution File, Format Version 12.00
# Visual Studio Version 16
VisualStudioVersion = 16.0.28803.352
MinimumVisualStudioVersion = 10.0.40219.1
Project("{FAE04EC0-301F-11D3-BF4B-00C04F79EFBC}") = "1ое задание", "1ый урок\1ое задание.csproj", "{AAD4421A-1F38-4111-8199-65000380A719}"
EndProject
Project("{FAE04EC0-301F-11D3-BF4B-00C04F79EFBC}") = "2ое задание", "2ое задание\2ое задание.csproj", "{CBDD74ED-0B98-4BB5-A788-ADF251DCA9CF}"
EndProject
Project("{FAE04EC0-301F-11D3-BF4B-00C04F79EFBC}") = "3е задание", "3е задание\3е задание.csproj", "{33060676-3AC5-477D-992A-E359C6144087}"
EndProject
Project("{FAE04EC0-301F-11D3-BF4B-00C04F79EFBC}") = "4е задание с 3ей переменной", "4е задание\4е задание с 3ей переменной.csproj", "{C204E778-8CE5-46CC-9A7B-C0078664557A}"
EndProject
Project("{FAE04EC0-301F-11D3-BF4B-00C04F79EFBC}") = "4е задание без 3ей переменной", "4е задание без 3ей переменной\4е задание без 3ей переменной.csproj", "{013D68B9-C308-429B-9C66-7943C9828105}"
EndProject
Global
	GlobalSection(SolutionConfigurationPlatforms) = preSolution
		Debug|Any CPU = Debug|Any CPU
		Release|Any CPU = Release|Any CPU
	EndGlobalSection
	GlobalSection(ProjectConfigurationPlatforms) = postSolution
		{AAD4421A-1F38-4111-8199-65000380A719}.Debug|Any CPU.ActiveCfg = Debug|Any CPU
		{AAD4421A-1F38-4111-8199-65000380A719}.Debug|Any CPU.Build.0 = Debug|Any CPU
		{AAD4421A-1F38-4111-8199-65000380A719}.Release|Any CPU.ActiveCfg = Release|Any CPU
		{AAD4421A-1F38-4111-8199-65000380A719}.Release|Any CPU.Build.0 = Release|Any CPU
		{CBDD74ED-0B98-4BB5-A788-ADF251DCA9CF}.Debug|Any CPU.ActiveCfg = Debug|Any CPU
		{CBDD74ED-0B98-4BB5-A788-ADF251DCA9CF}.Debug|Any CPU.Build.0 = Debug|Any CPU
		{CBDD74ED-0B98-4BB5-A788-ADF251DCA9CF}.Release|Any CPU.ActiveCfg = Release|Any CPU
		{CBDD74ED-0B98-4BB5-A788-ADF251DCA9CF}.Release|Any CPU.Build.0 = Release|Any CPU
		{33060676-3AC5-477D-992A-E359C6144087}.Debug|Any CPU.ActiveCfg = Debug|Any CPU
		{33060676-3AC5-477D-992A-E359C6144087}.Debug|Any CPU.Build.0 = Debug|Any CPU
		{33060676-3AC5-477D-992A-E359C6144087}.Release|Any CPU.ActiveCfg = Release|Any CPU
		{33060676-3AC5-477D-992A-E359C6144087}.Release|Any CPU.Build.0 = Release|Any CPU
		{C204E778-8CE5-46CC-9A7B-C0078664557A}.Debug|Any CPU.ActiveCfg = Debug|Any CPU
		{C204E778-8CE5-46CC-9A7B-C0078664557A}.Debug|Any CPU.Build.0 = Debug|Any CPU
		{C204E778-8CE5-46CC-9A7B-C0078664557A}.Release|Any CPU.ActiveCfg = Release|Any CPU
		{C204E778-8CE5-46CC-9A7B-C0078664557A}.Release|Any CPU.Build.0 = Release|Any CPU
		{013D68B9-C308-429B-9C66-7943C9828105}.Debug|Any CPU.ActiveCfg = Debug|Any CPU
		{013D68B9-C308-429B-9C66-7943C9828105}.Debug|Any CPU.Build.0 = Debug|Any CPU
		{013D68B9-C308-429B-9C66-7943C9828105}.Release|Any CPU.ActiveCfg = Release|Any CPU
		{013D68B9-C308-429B-9C66-7943C9828105}.Release|Any CPU.Build.0 = Release|Any CPU
	EndGlobalSection
	GlobalSection(SolutionProperties) = preSolution
		HideSolutionNode = FALSE
	EndGlobalSection
	GlobalSection(ExtensibilityGlobals) = postSolution
		SolutionGuid = {9E0A7904-72FC-4B88-983B-F1D9B6050C20}
	EndGlobalSection
EndGlobal
